
Microsoft Visual Studio Solution File, Format Version 12.00
# Visual Studio Version 17
VisualStudioVersion = 17.8.34322.80
MinimumVisualStudioVersion = 10.0.40219.1
Project("{FAE04EC0-301F-11D3-BF4B-00C04F79EFBC}") = "sogetel-telco360", "sogetel-telco360.csproj", "{9423A0AB-8195-4395-9646-75172B97B6BA}"
EndProject
Global
	GlobalSection(SolutionConfigurationPlatforms) = preSolution
		Debug|Any CPU = Debug|Any CPU
		Release|Any CPU = Release|Any CPU
	EndGlobalSection
	GlobalSection(ProjectConfigurationPlatforms) = postSolution
		{9423A0AB-8195-4395-9646-75172B97B6BA}.Debug|Any CPU.ActiveCfg = Debug|Any CPU
		{9423A0AB-8195-4395-9646-75172B97B6BA}.Debug|Any CPU.Build.0 = Debug|Any CPU
		{9423A0AB-8195-4395-9646-75172B97B6BA}.Release|Any CPU.ActiveCfg = Release|Any CPU
		{9423A0AB-8195-4395-9646-75172B97B6BA}.Release|Any CPU.Build.0 = Release|Any CPU
	EndGlobalSection
	GlobalSection(SolutionProperties) = preSolution
		HideSolutionNode = FALSE
	EndGlobalSection
	GlobalSection(ExtensibilityGlobals) = postSolution
		SolutionGuid = {FAD4B3DE-5039-4554-8FCA-7F483416DEE3}
	EndGlobalSection
EndGlobal
